
Microsoft Visual Studio Solution File, Format Version 12.00
# Visual Studio Version 16
VisualStudioVersion = 16.0.29709.97
MinimumVisualStudioVersion = 10.0.40219.1
Project("{FAE04EC0-301F-11D3-BF4B-00C04F79EFBC}") = "phase2RESTService", "phase2RESTService.csproj", "{C6E064E1-C2F0-43E6-BBF6-1EC1BBDA2056}"
EndProject
Project("{FAE04EC0-301F-11D3-BF4B-00C04F79EFBC}") = "phase2RESTTryIt", "..\phase2RESTTryIt\phase2RESTTryIt.csproj", "{40B089FF-4168-4417-8329-8B0B71DBB300}"
	ProjectSection(ProjectDependencies) = postProject
		{C6E064E1-C2F0-43E6-BBF6-1EC1BBDA2056} = {C6E064E1-C2F0-43E6-BBF6-1EC1BBDA2056}
	EndProjectSection
EndProject
Global
	GlobalSection(SolutionConfigurationPlatforms) = preSolution
		Debug|Any CPU = Debug|Any CPU
		Release|Any CPU = Release|Any CPU
	EndGlobalSection
	GlobalSection(ProjectConfigurationPlatforms) = postSolution
		{C6E064E1-C2F0-43E6-BBF6-1EC1BBDA2056}.Debug|Any CPU.ActiveCfg = Debug|Any CPU
		{C6E064E1-C2F0-43E6-BBF6-1EC1BBDA2056}.Debug|Any CPU.Build.0 = Debug|Any CPU
		{C6E064E1-C2F0-43E6-BBF6-1EC1BBDA2056}.Release|Any CPU.ActiveCfg = Release|Any CPU
		{C6E064E1-C2F0-43E6-BBF6-1EC1BBDA2056}.Release|Any CPU.Build.0 = Release|Any CPU
		{40B089FF-4168-4417-8329-8B0B71DBB300}.Debug|Any CPU.ActiveCfg = Debug|Any CPU
		{40B089FF-4168-4417-8329-8B0B71DBB300}.Debug|Any CPU.Build.0 = Debug|Any CPU
		{40B089FF-4168-4417-8329-8B0B71DBB300}.Release|Any CPU.ActiveCfg = Release|Any CPU
		{40B089FF-4168-4417-8329-8B0B71DBB300}.Release|Any CPU.Build.0 = Release|Any CPU
	EndGlobalSection
	GlobalSection(SolutionProperties) = preSolution
		HideSolutionNode = FALSE
	EndGlobalSection
	GlobalSection(ExtensibilityGlobals) = postSolution
		SolutionGuid = {0746FBAE-7092-4FE8-B09D-1CFB472334FA}
	EndGlobalSection
EndGlobal
