
Microsoft Visual Studio Solution File, Format Version 12.00
# Visual Studio Version 16
VisualStudioVersion = 16.0.29709.97
MinimumVisualStudioVersion = 10.0.40219.1
Project("{FAE04EC0-301F-11D3-BF4B-00C04F79EFBC}") = "phase3Elective2Service", "phase3Elective2Service.csproj", "{FF6DB6DD-EAE6-4DCA-A202-48D656A9ED64}"
EndProject
Project("{FAE04EC0-301F-11D3-BF4B-00C04F79EFBC}") = "phase3Elective2TryIt", "..\phase3Elective2TryIt\phase3Elective2TryIt.csproj", "{236CF12E-0016-4C29-8E51-14E1DA0251DA}"
EndProject
Global
	GlobalSection(SolutionConfigurationPlatforms) = preSolution
		Debug|Any CPU = Debug|Any CPU
		Release|Any CPU = Release|Any CPU
	EndGlobalSection
	GlobalSection(ProjectConfigurationPlatforms) = postSolution
		{FF6DB6DD-EAE6-4DCA-A202-48D656A9ED64}.Debug|Any CPU.ActiveCfg = Debug|Any CPU
		{FF6DB6DD-EAE6-4DCA-A202-48D656A9ED64}.Debug|Any CPU.Build.0 = Debug|Any CPU
		{FF6DB6DD-EAE6-4DCA-A202-48D656A9ED64}.Release|Any CPU.ActiveCfg = Release|Any CPU
		{FF6DB6DD-EAE6-4DCA-A202-48D656A9ED64}.Release|Any CPU.Build.0 = Release|Any CPU
		{236CF12E-0016-4C29-8E51-14E1DA0251DA}.Debug|Any CPU.ActiveCfg = Debug|Any CPU
		{236CF12E-0016-4C29-8E51-14E1DA0251DA}.Debug|Any CPU.Build.0 = Debug|Any CPU
		{236CF12E-0016-4C29-8E51-14E1DA0251DA}.Release|Any CPU.ActiveCfg = Release|Any CPU
		{236CF12E-0016-4C29-8E51-14E1DA0251DA}.Release|Any CPU.Build.0 = Release|Any CPU
	EndGlobalSection
	GlobalSection(SolutionProperties) = preSolution
		HideSolutionNode = FALSE
	EndGlobalSection
	GlobalSection(ExtensibilityGlobals) = postSolution
		SolutionGuid = {B8C8D053-A5FE-46D2-9751-2A8E5F6AB36E}
	EndGlobalSection
EndGlobal
